
Microsoft Visual Studio Solution File, Format Version 12.00
# Visual Studio Version 16
VisualStudioVersion = 16.0.808.0
MinimumVisualStudioVersion = 10.0.40219.1
Project("{FAE04EC0-301F-11D3-BF4B-00C04F79EFBC}") = "SkillLearn.Api", "SkillLearn.Api\SkillLearn.Api.csproj", "{24F2ECB4-F1C0-4A6B-A27D-726F401AB8EC}"
EndProject
Project("{FAE04EC0-301F-11D3-BF4B-00C04F79EFBC}") = "SkillLearn.Data", "SkillLearn.Data\SkillLearn.Data.csproj", "{C8702E16-8D4C-4992-AA63-AC376C870DF5}"
EndProject
Global
	GlobalSection(SolutionConfigurationPlatforms) = preSolution
		Debug|Any CPU = Debug|Any CPU
		Release|Any CPU = Release|Any CPU
	EndGlobalSection
	GlobalSection(ProjectConfigurationPlatforms) = postSolution
		{24F2ECB4-F1C0-4A6B-A27D-726F401AB8EC}.Debug|Any CPU.ActiveCfg = Debug|Any CPU
		{24F2ECB4-F1C0-4A6B-A27D-726F401AB8EC}.Debug|Any CPU.Build.0 = Debug|Any CPU
		{24F2ECB4-F1C0-4A6B-A27D-726F401AB8EC}.Release|Any CPU.ActiveCfg = Release|Any CPU
		{24F2ECB4-F1C0-4A6B-A27D-726F401AB8EC}.Release|Any CPU.Build.0 = Release|Any CPU
		{C8702E16-8D4C-4992-AA63-AC376C870DF5}.Debug|Any CPU.ActiveCfg = Debug|Any CPU
		{C8702E16-8D4C-4992-AA63-AC376C870DF5}.Debug|Any CPU.Build.0 = Debug|Any CPU
		{C8702E16-8D4C-4992-AA63-AC376C870DF5}.Release|Any CPU.ActiveCfg = Release|Any CPU
		{C8702E16-8D4C-4992-AA63-AC376C870DF5}.Release|Any CPU.Build.0 = Release|Any CPU
	EndGlobalSection
	GlobalSection(SolutionProperties) = preSolution
		HideSolutionNode = FALSE
	EndGlobalSection
	GlobalSection(ExtensibilityGlobals) = postSolution
		SolutionGuid = {2AC4E572-5671-476F-AAB6-0AEA33790B2A}
	EndGlobalSection
EndGlobal
